
Microsoft Visual Studio Solution File, Format Version 12.00
# Visual Studio 2013
VisualStudioVersion = 12.0.40629.0
MinimumVisualStudioVersion = 10.0.40219.1
Project("{8BC9CEB8-8B4A-11D0-8D11-00A0C91BC942}") = "Mount", "Mount\Mount.vcxproj", "{2A19ABB6-5164-4E3C-B8D1-E8C9FFD6B559}"
EndProject
Global
	GlobalSection(SolutionConfigurationPlatforms) = preSolution
		Debug|Win32 = Debug|Win32
		Release|Win32 = Release|Win32
	EndGlobalSection
	GlobalSection(ProjectConfigurationPlatforms) = postSolution
		{2A19ABB6-5164-4E3C-B8D1-E8C9FFD6B559}.Debug|Win32.ActiveCfg = Debug|Win32
		{2A19ABB6-5164-4E3C-B8D1-E8C9FFD6B559}.Debug|Win32.Build.0 = Debug|Win32
		{2A19ABB6-5164-4E3C-B8D1-E8C9FFD6B559}.Release|Win32.ActiveCfg = Release|Win32
		{2A19ABB6-5164-4E3C-B8D1-E8C9FFD6B559}.Release|Win32.Build.0 = Release|Win32
	EndGlobalSection
	GlobalSection(SolutionProperties) = preSolution
		HideSolutionNode = FALSE
	EndGlobalSection
EndGlobal
