
Microsoft Visual Studio Solution File, Format Version 12.00
# Visual Studio 2013
VisualStudioVersion = 12.0.40629.0
MinimumVisualStudioVersion = 10.0.40219.1
Project("{8BC9CEB8-8B4A-11D0-8D11-00A0C91BC942}") = "CreateFile", "CreateFile\CreateFile.vcxproj", "{E7F3C3A5-668F-4680-B2F5-81D29B046797}"
EndProject
Global
	GlobalSection(SolutionConfigurationPlatforms) = preSolution
		Debug|Win32 = Debug|Win32
		Release|Win32 = Release|Win32
	EndGlobalSection
	GlobalSection(ProjectConfigurationPlatforms) = postSolution
		{E7F3C3A5-668F-4680-B2F5-81D29B046797}.Debug|Win32.ActiveCfg = Debug|Win32
		{E7F3C3A5-668F-4680-B2F5-81D29B046797}.Debug|Win32.Build.0 = Debug|Win32
		{E7F3C3A5-668F-4680-B2F5-81D29B046797}.Release|Win32.ActiveCfg = Release|Win32
		{E7F3C3A5-668F-4680-B2F5-81D29B046797}.Release|Win32.Build.0 = Release|Win32
	EndGlobalSection
	GlobalSection(SolutionProperties) = preSolution
		HideSolutionNode = FALSE
	EndGlobalSection
EndGlobal
