
Microsoft Visual Studio Solution File, Format Version 12.00
# Visual Studio 2013
VisualStudioVersion = 12.0.40629.0
MinimumVisualStudioVersion = 10.0.40219.1
Project("{8BC9CEB8-8B4A-11D0-8D11-00A0C91BC942}") = "自启动", "自启动\自启动.vcxproj", "{054E6813-0543-4CD3-8B9C-7D9626A6DE70}"
EndProject
Global
	GlobalSection(SolutionConfigurationPlatforms) = preSolution
		Debug|Win32 = Debug|Win32
		Release|Win32 = Release|Win32
	EndGlobalSection
	GlobalSection(ProjectConfigurationPlatforms) = postSolution
		{054E6813-0543-4CD3-8B9C-7D9626A6DE70}.Debug|Win32.ActiveCfg = Debug|Win32
		{054E6813-0543-4CD3-8B9C-7D9626A6DE70}.Debug|Win32.Build.0 = Debug|Win32
		{054E6813-0543-4CD3-8B9C-7D9626A6DE70}.Release|Win32.ActiveCfg = Release|Win32
		{054E6813-0543-4CD3-8B9C-7D9626A6DE70}.Release|Win32.Build.0 = Release|Win32
	EndGlobalSection
	GlobalSection(SolutionProperties) = preSolution
		HideSolutionNode = FALSE
	EndGlobalSection
EndGlobal
